// !$*UTF8*$!
{
	archiveVersion = 1;
	classes = {
	};
	objectVersion = 50;
	objects = {

/* Begin PBXBuildFile section */
		D0584E13219F3324009A543B /* AppDelegate.swift in Sources */ = {isa = PBXBuildFile; fileRef = D0584E12219F3324009A543B /* AppDelegate.swift */; };
		D0584E15219F3324009A543B /* ViewController.swift in Sources */ = {isa = PBXBuildFile; fileRef = D0584E14219F3324009A543B /* ViewController.swift */; };
		D0584E18219F3324009A543B /* Main.storyboard in Resources */ = {isa = PBXBuildFile; fileRef = D0584E16219F3324009A543B /* Main.storyboard */; };
		D0584E1B219F3324009A543B /* MyWeather.xcdatamodeld in Sources */ = {isa = PBXBuildFile; fileRef = D0584E19219F3324009A543B /* MyWeather.xcdatamodeld */; };
		D0584E1D219F3325009A543B /* Assets.xcassets in Resources */ = {isa = PBXBuildFile; fileRef = D0584E1C219F3325009A543B /* Assets.xcassets */; };
		D0584E20219F3325009A543B /* LaunchScreen.storyboard in Resources */ = {isa = PBXBuildFile; fileRef = D0584E1E219F3325009A543B /* LaunchScreen.storyboard */; };
		D0584E2A219F3414009A543B /* StringExtensions.swift in Sources */ = {isa = PBXBuildFile; fileRef = D0584E28219F3414009A543B /* StringExtensions.swift */; };
		D0584E2B219F3414009A543B /* Conversions.swift in Sources */ = {isa = PBXBuildFile; fileRef = D0584E29219F3414009A543B /* Conversions.swift */; };
/* End PBXBuildFile section */

/* Begin PBXFileReference section */
		D0584E0F219F3324009A543B /* MyWeather.app */ = {isa = PBXFileReference; explicitFileType = wrapper.application; includeInIndex = 0; path = MyWeather.app; sourceTree = BUILT_PRODUCTS_DIR; };
		D0584E12219F3324009A543B /* AppDelegate.swift */ = {isa = PBXFileReference; lastKnownFileType = sourcecode.swift; path = AppDelegate.swift; sourceTree = "<group>"; };
		D0584E14219F3324009A543B /* ViewController.swift */ = {isa = PBXFileReference; lastKnownFileType = sourcecode.swift; path = ViewController.swift; sourceTree = "<group>"; };
		D0584E17219F3324009A543B /* Base */ = {isa = PBXFileReference; lastKnownFileType = file.storyboard; name = Base; path = Base.lproj/Main.storyboard; sourceTree = "<group>"; };
		D0584E1A219F3324009A543B /* MyWeather.xcdatamodel */ = {isa = PBXFileReference; lastKnownFileType = wrapper.xcdatamodel; path = MyWeather.xcdatamodel; sourceTree = "<group>"; };
		D0584E1C219F3325009A543B /* Assets.xcassets */ = {isa = PBXFileReference; lastKnownFileType = folder.assetcatalog; path = Assets.xcassets; sourceTree = "<group>"; };
		D0584E1F219F3325009A543B /* Base */ = {isa = PBXFileReference; lastKnownFileType = file.storyboard; name = Base; path = Base.lproj/LaunchScreen.storyboard; sourceTree = "<group>"; };
		D0584E21219F3325009A543B /* Info.plist */ = {isa = PBXFileReference; lastKnownFileType = text.plist.xml; path = Info.plist; sourceTree = "<group>"; };
		D0584E28219F3414009A543B /* StringExtensions.swift */ = {isa = PBXFileReference; fileEncoding = 4; lastKnownFileType = sourcecode.swift; path = StringExtensions.swift; sourceTree = "<group>"; };
		D0584E29219F3414009A543B /* Conversions.swift */ = {isa = PBXFileReference; fileEncoding = 4; lastKnownFileType = sourcecode.swift; path = Conversions.swift; sourceTree = "<group>"; };
/* End PBXFileReference section */

/* Begin PBXFrameworksBuildPhase section */
		D0584E0C219F3324009A543B /* Frameworks */ = {
			isa = PBXFrameworksBuildPhase;
			buildActionMask = 2147483647;
			files = (
			);
			runOnlyForDeploymentPostprocessing = 0;
		};
/* End PBXFrameworksBuildPhase section */

/* Begin PBXGroup section */
		D0584E06219F3324009A543B = {
			isa = PBXGroup;
			children = (
				D0584E11219F3324009A543B /* MyWeather */,
				D0584E10219F3324009A543B /* Products */,
			);
			sourceTree = "<group>";
		};
		D0584E10219F3324009A543B /* Products */ = {
			isa = PBXGroup;
			children = (
				D0584E0F219F3324009A543B /* MyWeather.app */,
			);
			name = Products;
			sourceTree = "<group>";
		};
		D0584E11219F3324009A543B /* MyWeather */ = {
			isa = PBXGroup;
			children = (
				D0584E27219F33E7009A543B /* Extensions */,
				D0584E12219F3324009A543B /* AppDelegate.swift */,
				D0584E14219F3324009A543B /* ViewController.swift */,
				D0584E16219F3324009A543B /* Main.storyboard */,
				D0584E1C219F3325009A543B /* Assets.xcassets */,
				D0584E1E219F3325009A543B /* LaunchScreen.storyboard */,
				D0584E21219F3325009A543B /* Info.plist */,
				D0584E19219F3324009A543B /* MyWeather.xcdatamodeld */,
			);
			path = MyWeather;
			sourceTree = "<group>";
		};
		D0584E27219F33E7009A543B /* Extensions */ = {
			isa = PBXGroup;
			children = (
				D0584E29219F3414009A543B /* Conversions.swift */,
				D0584E28219F3414009A543B /* StringExtensions.swift */,
			);
			path = Extensions;
			sourceTree = "<group>";
		};
/* End PBXGroup section */

/* Begin PBXNativeTarget section */
		D0584E0E219F3324009A543B /* MyWeather */ = {
			isa = PBXNativeTarget;
			buildConfigurationList = D0584E24219F3325009A543B /* Build configuration list for PBXNativeTarget "MyWeather" */;
			buildPhases = (
				D0584E0B219F3324009A543B /* Sources */,
				D0584E0C219F3324009A543B /* Frameworks */,
				D0584E0D219F3324009A543B /* Resources */,
			);
			buildRules = (
			);
			dependencies = (
			);
			name = MyWeather;
			productName = MyWeather;
			productReference = D0584E0F219F3324009A543B /* MyWeather.app */;
			productType = "com.apple.product-type.application";
		};
/* End PBXNativeTarget section */

/* Begin PBXProject section */
		D0584E07219F3324009A543B /* Project object */ = {
			isa = PBXProject;
			attributes = {
				LastSwiftUpdateCheck = 1010;
				LastUpgradeCheck = 1010;
				ORGANIZATIONNAME = "Redesajn Interactive Solutions";
				TargetAttributes = {
					D0584E0E219F3324009A543B = {
						CreatedOnToolsVersion = 10.1;
					};
				};
			};
			buildConfigurationList = D0584E0A219F3324009A543B /* Build configuration list for PBXProject "MyWeather" */;
			compatibilityVersion = "Xcode 9.3";
			developmentRegion = en;
			hasScannedForEncodings = 0;
			knownRegions = (
				en,
				Base,
			);
			mainGroup = D0584E06219F3324009A543B;
			productRefGroup = D0584E10219F3324009A543B /* Products */;
			projectDirPath = "";
			projectRoot = "";
			targets = (
				D0584E0E219F3324009A543B /* MyWeather */,
			);
		};
/* End PBXProject section */

/* Begin PBXResourcesBuildPhase section */
		D0584E0D219F3324009A543B /* Resources */ = {
			isa = PBXResourcesBuildPhase;
			buildActionMask = 2147483647;
			files = (
				D0584E20219F3325009A543B /* LaunchScreen.storyboard in Resources */,
				D0584E1D219F3325009A543B /* Assets.xcassets in Resources */,
				D0584E18219F3324009A543B /* Main.storyboard in Resources */,
			);
			runOnlyForDeploymentPostprocessing = 0;
		};
/* End PBXResourcesBuildPhase section */

/* Begin PBXSourcesBuildPhase section */
		D0584E0B219F3324009A543B /* Sources */ = {
			isa = PBXSourcesBuildPhase;
			buildActionMask = 2147483647;
			files = (
				D0584E2B219F3414009A543B /* Conversions.swift in Sources */,
				D0584E2A219F3414009A543B /* StringExtensions.swift in Sources */,
				D0584E15219F3324009A543B /* ViewController.swift in Sources */,
				D0584E13219F3324009A543B /* AppDelegate.swift in Sources */,
				D0584E1B219F3324009A543B /* MyWeather.xcdatamodeld in Sources */,
			);
			runOnlyForDeploymentPostprocessing = 0;
		};
/* End PBXSourcesBuildPhase section */

/* Begin PBXVariantGroup section */
		D0584E16219F3324009A543B /* Main.storyboard */ = {
			isa = PBXVariantGroup;
			children = (
				D0584E17219F3324009A543B /* Base */,
			);
			name = Main.storyboard;
			sourceTree = "<group>";
		};
		D0584E1E219F3325009A543B /* LaunchScreen.storyboard */ = {
			isa = PBXVariantGroup;
			children = (
				D0584E1F219F3325009A543B /* Base */,
			);
			name = LaunchScreen.storyboard;
			sourceTree = "<group>";
		};
/* End PBXVariantGroup section */

/* Begin XCBuildConfiguration section */
		D0584E22219F3325009A543B /* Debug */ = {
			isa = XCBuildConfiguration;
			buildSettings = {
				ALWAYS_SEARCH_USER_PATHS = NO;
				CLANG_ANALYZER_NONNULL = YES;
				CLANG_ANALYZER_NUMBER_OBJECT_CONVERSION = YES_AGGRESSIVE;
				CLANG_CXX_LANGUAGE_STANDARD = "gnu++14";
				CLANG_CXX_LIBRARY = "libc++";
				CLANG_ENABLE_MODULES = YES;
				CLANG_ENABLE_OBJC_ARC = YES;
				CLANG_ENABLE_OBJC_WEAK = YES;
				CLANG_WARN_BLOCK_CAPTURE_AUTORELEASING = YES;
				CLANG_WARN_BOOL_CONVERSION = YES;
				CLANG_WARN_COMMA = YES;
				CLANG_WARN_CONSTANT_CONVERSION = YES;
				CLANG_WARN_DEPRECATED_OBJC_IMPLEMENTATIONS = YES;
				CLANG_WARN_DIRECT_OBJC_ISA_USAGE = YES_ERROR;
				CLANG_WARN_DOCUMENTATION_COMMENTS = YES;
				CLANG_WARN_EMPTY_BODY = YES;
				CLANG_WARN_ENUM_CONVERSION = YES;
				CLANG_WARN_INFINITE_RECURSION = YES;
				CLANG_WARN_INT_CONVERSION = YES;
				CLANG_WARN_NON_LITERAL_NULL_CONVERSION = YES;
				CLANG_WARN_OBJC_IMPLICIT_RETAIN_SELF = YES;
				CLANG_WARN_OBJC_LITERAL_CONVERSION = YES;
				CLANG_WARN_OBJC_ROOT_CLASS = YES_ERROR;
				CLANG_WARN_RANGE_LOOP_ANALYSIS = YES;
				CLANG_WARN_STRICT_PROTOTYPES = YES;
				CLANG_WARN_SUSPICIOUS_MOVE = YES;
				CLANG_WARN_UNGUARDED_AVAILABILITY = YES_AGGRESSIVE;
				CLANG_WARN_UNREACHABLE_CODE = YES;
				CLANG_WARN__DUPLICATE_METHOD_MATCH = YES;
				CODE_SIGN_IDENTITY = "iPhone Developer";
				COPY_PHASE_STRIP = NO;
				DEBUG_INFORMATION_FORMAT = dwarf;
				ENABLE_STRICT_OBJC_MSGSEND = YES;
				ENABLE_TESTABILITY = YES;
				GCC_C_LANGUAGE_STANDARD = gnu11;
				GCC_DYNAMIC_NO_PIC = NO;
				GCC_NO_COMMON_BLOCKS = YES;
				GCC_OPTIMIZATION_LEVEL = 0;
				GCC_PREPROCESSOR_DEFINITIONS = (
					"DEBUG=1",
					"$(inherited)",
				);
				GCC_WARN_64_TO_32_BIT_CONVERSION = YES;
				GCC_WARN_ABOUT_RETURN_TYPE = YES_ERROR;
				GCC_WARN_UNDECLARED_SELECTOR = YES;
				GCC_WARN_UNINITIALIZED_AUTOS = YES_AGGRESSIVE;
				GCC_WARN_UNUSED_FUNCTION = YES;
				GCC_WARN_UNUSED_VARIABLE = YES;
				IPHONEOS_DEPLOYMENT_TARGET = 12.1;
				MTL_ENABLE_DEBUG_INFO = INCLUDE_SOURCE;
				MTL_FAST_MATH = YES;
				ONLY_ACTIVE_ARCH = YES;
				SDKROOT = iphoneos;
				SWIFT_ACTIVE_COMPILATION_CONDITIONS = DEBUG;
				SWIFT_OPTIMIZATION_LEVEL = "-Onone";
			};
			name = Debug;
		};
		D0584E23219F3325009A543B /* Release */ = {
			isa = XCBuildConfiguration;
			buildSettings = {
				ALWAYS_SEARCH_USER_PATHS = NO;
				CLANG_ANALYZER_NONNULL = YES;
				CLANG_ANALYZER_NUMBER_OBJECT_CONVERSION = YES_AGGRESSIVE;
				CLANG_CXX_LANGUAGE_STANDARD = "gnu++14";
				CLANG_CXX_LIBRARY = "libc++";
				CLANG_ENABLE_MODULES = YES;
				CLANG_ENABLE_OBJC_ARC = YES;
				CLANG_ENABLE_OBJC_WEAK = YES;
				CLANG_WARN_BLOCK_CAPTURE_AUTORELEASING = YES;
				CLANG_WARN_BOOL_CONVERSION = YES;
				CLANG_WARN_COMMA = YES;
				CLANG_WARN_CONSTANT_CONVERSION = YES;
				CLANG_WARN_DEPRECATED_OBJC_IMPLEMENTATIONS = YES;
				CLANG_WARN_DIRECT_OBJC_ISA_USAGE = YES_ERROR;
				CLANG_WARN_DOCUMENTATION_COMMENTS = YES;
				CLANG_WARN_EMPTY_BODY = YES;
				CLANG_WARN_ENUM_CONVERSION = YES;
				CLANG_WARN_INFINITE_RECURSION = YES;
				CLANG_WARN_INT_CONVERSION = YES;
				CLANG_WARN_NON_LITERAL_NULL_CONVERSION = YES;
				CLANG_WARN_OBJC_IMPLICIT_RETAIN_SELF = YES;
				CLANG_WARN_OBJC_LITERAL_CONVERSION = YES;
				CLANG_WARN_OBJC_ROOT_CLASS = YES_ERROR;
				CLANG_WARN_RANGE_LOOP_ANALYSIS = YES;
				CLANG_WARN_STRICT_PROTOTYPES = YES;
				CLANG_WARN_SUSPICIOUS_MOVE = YES;
				CLANG_WARN_UNGUARDED_AVAILABILITY = YES_AGGRESSIVE;
				CLANG_WARN_UNREACHABLE_CODE = YES;
				CLANG_WARN__DUPLICATE_METHOD_MATCH = YES;
				CODE_SIGN_IDENTITY = "iPhone Developer";
				COPY_PHASE_STRIP = NO;
				DEBUG_INFORMATION_FORMAT = "dwarf-with-dsym";
				ENABLE_NS_ASSERTIONS = NO;
				ENABLE_STRICT_OBJC_MSGSEND = YES;
				GCC_C_LANGUAGE_STANDARD = gnu11;
				GCC_NO_COMMON_BLOCKS = YES;
				GCC_WARN_64_TO_32_BIT_CONVERSION = YES;
				GCC_WARN_ABOUT_RETURN_TYPE = YES_ERROR;
				GCC_WARN_UNDECLARED_SELECTOR = YES;
				GCC_WARN_UNINITIALIZED_AUTOS = YES_AGGRESSIVE;
				GCC_WARN_UNUSED_FUNCTION = YES;
				GCC_WARN_UNUSED_VARIABLE = YES;
				IPHONEOS_DEPLOYMENT_TARGET = 12.1;
				MTL_ENABLE_DEBUG_INFO = NO;
				MTL_FAST_MATH = YES;
				SDKROOT = iphoneos;
				SWIFT_COMPILATION_MODE = wholemodule;
				SWIFT_OPTIMIZATION_LEVEL = "-O";
				VALIDATE_PRODUCT = YES;
			};
			name = Release;
		};
		D0584E25219F3325009A543B /* Debug */ = {
			isa = XCBuildConfiguration;
			buildSettings = {
				ASSETCATALOG_COMPILER_APPICON_NAME = AppIcon;
				CODE_SIGN_STYLE = Automatic;
				DEVELOPMENT_TEAM = 8LQCVK238Y;
				INFOPLIST_FILE = MyWeather/Info.plist;
				LD_RUNPATH_SEARCH_PATHS = (
					"$(inherited)",
					"@executable_path/Frameworks",
				);
				PRODUCT_BUNDLE_IDENTIFIER = com.redesajn.MyWeather;
				PRODUCT_NAME = "$(TARGET_NAME)";
				SWIFT_VERSION = 4.2;
				TARGETED_DEVICE_FAMILY = 1;
			};
			name = Debug;
		};
		D0584E26219F3325009A543B /* Release */ = {
			isa = XCBuildConfiguration;
			buildSettings = {
				ASSETCATALOG_COMPILER_APPICON_NAME = AppIcon;
				CODE_SIGN_STYLE = Automatic;
				DEVELOPMENT_TEAM = 8LQCVK238Y;
				INFOPLIST_FILE = MyWeather/Info.plist;
				LD_RUNPATH_SEARCH_PATHS = (
					"$(inherited)",
					"@executable_path/Frameworks",
				);
				PRODUCT_BUNDLE_IDENTIFIER = com.redesajn.MyWeather;
				PRODUCT_NAME = "$(TARGET_NAME)";
				SWIFT_VERSION = 4.2;
				TARGETED_DEVICE_FAMILY = 1;
			};
			name = Release;
		};
/* End XCBuildConfiguration section */

/* Begin XCConfigurationList section */
		D0584E0A219F3324009A543B /* Build configuration list for PBXProject "MyWeather" */ = {
			isa = XCConfigurationList;
			buildConfigurations = (
				D0584E22219F3325009A543B /* Debug */,
				D0584E23219F3325009A543B /* Release */,
			);
			defaultConfigurationIsVisible = 0;
			defaultConfigurationName = Release;
		};
		D0584E24219F3325009A543B /* Build configuration list for PBXNativeTarget "MyWeather" */ = {
			isa = XCConfigurationList;
			buildConfigurations = (
				D0584E25219F3325009A543B /* Debug */,
				D0584E26219F3325009A543B /* Release */,
			);
			defaultConfigurationIsVisible = 0;
			defaultConfigurationName = Release;
		};
/* End XCConfigurationList section */

/* Begin XCVersionGroup section */
		D0584E19219F3324009A543B /* MyWeather.xcdatamodeld */ = {
			isa = XCVersionGroup;
			children = (
				D0584E1A219F3324009A543B /* MyWeather.xcdatamodel */,
			);
			currentVersion = D0584E1A219F3324009A543B /* MyWeather.xcdatamodel */;
			path = MyWeather.xcdatamodeld;
			sourceTree = "<group>";
			versionGroupType = wrapper.xcdatamodel;
		};
/* End XCVersionGroup section */
	};
	rootObject = D0584E07219F3324009A543B /* Project object */;
}
